
Microsoft Visual Studio Solution File, Format Version 12.00
# Visual Studio Version 16
VisualStudioVersion = 16.0.31515.178
MinimumVisualStudioVersion = 10.0.40219.1
Project("{9A19103F-16F7-4668-BE54-9A1E7A4F7556}") = "TomikTests", "TomikTests\TomikTests.csproj", "{CD8D219F-1DD8-4658-8077-0841B2E4D3B9}"
EndProject
Project("{9A19103F-16F7-4668-BE54-9A1E7A4F7556}") = "OliksTests", "OliksTests\OliksTests.csproj", "{1A563383-180C-4316-8B7F-5358CB7154C5}"
EndProject
Project("{9A19103F-16F7-4668-BE54-9A1E7A4F7556}") = "MyExampleTests", "MyExampleTests\MyExampleTests.csproj", "{C01F02AF-204C-48D1-978D-CA169CE9CBD9}"
EndProject
Project("{9A19103F-16F7-4668-BE54-9A1E7A4F7556}") = "TrenditTests", "TrenditTests\TrenditTests.csproj", "{A5A2D674-7483-4089-95AF-03FE99C9EAE9}"
EndProject
Project("{2150E333-8FDC-42A3-9474-1A3956D46DE8}") = "Solution Items", "Solution Items", "{E6AFBC12-D165-42EA-9ACC-50D5B400ECDD}"
	ProjectSection(SolutionItems) = preProject
		README.md = README.md
	EndProjectSection
EndProject
Project("{9A19103F-16F7-4668-BE54-9A1E7A4F7556}") = "ApiTests", "ApiTests\ApiTests.csproj", "{C31F2E83-D36A-4CA4-B721-132B05568598}"
EndProject
Project("{9A19103F-16F7-4668-BE54-9A1E7A4F7556}") = "FilesTests", "FilesTests\FilesTests.csproj", "{F5CD0C57-16D8-4CA1-8F1F-3FC049BADF38}"
EndProject
Project("{9A19103F-16F7-4668-BE54-9A1E7A4F7556}") = "RosChemistTests", "RosChemistTests\RosChemistTests.csproj", "{267B2CB1-B047-4034-BEE5-68F54FCE811F}"
EndProject
Global
	GlobalSection(SolutionConfigurationPlatforms) = preSolution
		Debug|Any CPU = Debug|Any CPU
		Release|Any CPU = Release|Any CPU
	EndGlobalSection
	GlobalSection(ProjectConfigurationPlatforms) = postSolution
		{CD8D219F-1DD8-4658-8077-0841B2E4D3B9}.Debug|Any CPU.ActiveCfg = Debug|Any CPU
		{CD8D219F-1DD8-4658-8077-0841B2E4D3B9}.Debug|Any CPU.Build.0 = Debug|Any CPU
		{CD8D219F-1DD8-4658-8077-0841B2E4D3B9}.Release|Any CPU.ActiveCfg = Release|Any CPU
		{CD8D219F-1DD8-4658-8077-0841B2E4D3B9}.Release|Any CPU.Build.0 = Release|Any CPU
		{1A563383-180C-4316-8B7F-5358CB7154C5}.Debug|Any CPU.ActiveCfg = Debug|Any CPU
		{1A563383-180C-4316-8B7F-5358CB7154C5}.Debug|Any CPU.Build.0 = Debug|Any CPU
		{1A563383-180C-4316-8B7F-5358CB7154C5}.Release|Any CPU.ActiveCfg = Release|Any CPU
		{1A563383-180C-4316-8B7F-5358CB7154C5}.Release|Any CPU.Build.0 = Release|Any CPU
		{C01F02AF-204C-48D1-978D-CA169CE9CBD9}.Debug|Any CPU.ActiveCfg = Debug|Any CPU
		{C01F02AF-204C-48D1-978D-CA169CE9CBD9}.Debug|Any CPU.Build.0 = Debug|Any CPU
		{C01F02AF-204C-48D1-978D-CA169CE9CBD9}.Release|Any CPU.ActiveCfg = Release|Any CPU
		{C01F02AF-204C-48D1-978D-CA169CE9CBD9}.Release|Any CPU.Build.0 = Release|Any CPU
		{A5A2D674-7483-4089-95AF-03FE99C9EAE9}.Debug|Any CPU.ActiveCfg = Debug|Any CPU
		{A5A2D674-7483-4089-95AF-03FE99C9EAE9}.Debug|Any CPU.Build.0 = Debug|Any CPU
		{A5A2D674-7483-4089-95AF-03FE99C9EAE9}.Release|Any CPU.ActiveCfg = Release|Any CPU
		{A5A2D674-7483-4089-95AF-03FE99C9EAE9}.Release|Any CPU.Build.0 = Release|Any CPU
		{C31F2E83-D36A-4CA4-B721-132B05568598}.Debug|Any CPU.ActiveCfg = Debug|Any CPU
		{C31F2E83-D36A-4CA4-B721-132B05568598}.Debug|Any CPU.Build.0 = Debug|Any CPU
		{C31F2E83-D36A-4CA4-B721-132B05568598}.Release|Any CPU.ActiveCfg = Release|Any CPU
		{C31F2E83-D36A-4CA4-B721-132B05568598}.Release|Any CPU.Build.0 = Release|Any CPU
		{F5CD0C57-16D8-4CA1-8F1F-3FC049BADF38}.Debug|Any CPU.ActiveCfg = Debug|Any CPU
		{F5CD0C57-16D8-4CA1-8F1F-3FC049BADF38}.Debug|Any CPU.Build.0 = Debug|Any CPU
		{F5CD0C57-16D8-4CA1-8F1F-3FC049BADF38}.Release|Any CPU.ActiveCfg = Release|Any CPU
		{F5CD0C57-16D8-4CA1-8F1F-3FC049BADF38}.Release|Any CPU.Build.0 = Release|Any CPU
		{267B2CB1-B047-4034-BEE5-68F54FCE811F}.Debug|Any CPU.ActiveCfg = Debug|Any CPU
		{267B2CB1-B047-4034-BEE5-68F54FCE811F}.Debug|Any CPU.Build.0 = Debug|Any CPU
		{267B2CB1-B047-4034-BEE5-68F54FCE811F}.Release|Any CPU.ActiveCfg = Release|Any CPU
		{267B2CB1-B047-4034-BEE5-68F54FCE811F}.Release|Any CPU.Build.0 = Release|Any CPU
	EndGlobalSection
	GlobalSection(SolutionProperties) = preSolution
		HideSolutionNode = FALSE
	EndGlobalSection
	GlobalSection(ExtensibilityGlobals) = postSolution
		SolutionGuid = {5B42F6B3-64F4-4500-9905-B7698289831E}
	EndGlobalSection
EndGlobal
